
Microsoft Visual Studio Solution File, Format Version 12.00
# Visual Studio 2017
Project("{FAE04EC0-301F-11D3-BF4B-00C04F79EFBC}") = "Devote", "Devote.csproj", "{7465996B-FC68-034C-1D94-363E1FA4B206}"
EndProject
Project("{FAE04EC0-301F-11D3-BF4B-00C04F79EFBC}") = "Devote.Editor", "Devote.Editor.csproj", "{42D43C9F-D0D1-9038-2C0B-E1718FBC3FB5}"
EndProject
Global
	GlobalSection(SolutionConfigurationPlatforms) = preSolution
		Debug|Any CPU = Debug|Any CPU
		Release|Any CPU = Release|Any CPU
	EndGlobalSection
	GlobalSection(ProjectConfigurationPlatforms) = postSolution
		{7465996B-FC68-034C-1D94-363E1FA4B206}.Debug|Any CPU.ActiveCfg = Debug|Any CPU
		{7465996B-FC68-034C-1D94-363E1FA4B206}.Debug|Any CPU.Build.0 = Debug|Any CPU
		{7465996B-FC68-034C-1D94-363E1FA4B206}.Release|Any CPU.ActiveCfg = Release|Any CPU
		{7465996B-FC68-034C-1D94-363E1FA4B206}.Release|Any CPU.Build.0 = Release|Any CPU
		{42D43C9F-D0D1-9038-2C0B-E1718FBC3FB5}.Debug|Any CPU.ActiveCfg = Debug|Any CPU
		{42D43C9F-D0D1-9038-2C0B-E1718FBC3FB5}.Debug|Any CPU.Build.0 = Debug|Any CPU
		{42D43C9F-D0D1-9038-2C0B-E1718FBC3FB5}.Release|Any CPU.ActiveCfg = Release|Any CPU
		{42D43C9F-D0D1-9038-2C0B-E1718FBC3FB5}.Release|Any CPU.Build.0 = Release|Any CPU
	EndGlobalSection
	GlobalSection(SolutionProperties) = preSolution
		HideSolutionNode = FALSE
	EndGlobalSection
EndGlobal
